
Microsoft Visual Studio Solution File, Format Version 12.00
# Visual Studio Version 16
VisualStudioVersion = 16.0.31624.102
MinimumVisualStudioVersion = 10.0.40219.1
Project("{FAE04EC0-301F-11D3-BF4B-00C04F79EFBC}") = "Programming251_Project", "Programming251_Project.csproj", "{4EBA6013-0599-4295-AA2D-A0D6219B0DD3}"
EndProject
Global
	GlobalSection(SolutionConfigurationPlatforms) = preSolution
		Debug|Any CPU = Debug|Any CPU
		Release|Any CPU = Release|Any CPU
	EndGlobalSection
	GlobalSection(ProjectConfigurationPlatforms) = postSolution
		{4EBA6013-0599-4295-AA2D-A0D6219B0DD3}.Debug|Any CPU.ActiveCfg = Debug|Any CPU
		{4EBA6013-0599-4295-AA2D-A0D6219B0DD3}.Debug|Any CPU.Build.0 = Debug|Any CPU
		{4EBA6013-0599-4295-AA2D-A0D6219B0DD3}.Release|Any CPU.ActiveCfg = Release|Any CPU
		{4EBA6013-0599-4295-AA2D-A0D6219B0DD3}.Release|Any CPU.Build.0 = Release|Any CPU
	EndGlobalSection
	GlobalSection(SolutionProperties) = preSolution
		HideSolutionNode = FALSE
	EndGlobalSection
	GlobalSection(ExtensibilityGlobals) = postSolution
		SolutionGuid = {5D15B6C3-8EAF-4A4B-B5FB-06C3BA2A196D}
	EndGlobalSection
EndGlobal
